
Microsoft Visual Studio Solution File, Format Version 12.00
# Visual Studio 14
VisualStudioVersion = 14.0.24720.0
MinimumVisualStudioVersion = 10.0.40219.1
Project("{FAE04EC0-301F-11D3-BF4B-00C04F79EFBC}") = "DesignPatterns", "DesignPatterns\DesignPatterns.csproj", "{5B033801-3140-4A33-BA0C-412FA432A318}"
EndProject
Project("{FAE04EC0-301F-11D3-BF4B-00C04F79EFBC}") = "DesignPatterns.Tests", "DesignPatterns.Tests\DesignPatterns.Tests.csproj", "{3CBA65AC-2AC0-432F-8D0A-404694FD1BF8}"
EndProject
Global
	GlobalSection(SolutionConfigurationPlatforms) = preSolution
		Debug|Any CPU = Debug|Any CPU
		Release|Any CPU = Release|Any CPU
	EndGlobalSection
	GlobalSection(ProjectConfigurationPlatforms) = postSolution
		{5B033801-3140-4A33-BA0C-412FA432A318}.Debug|Any CPU.ActiveCfg = Debug|Any CPU
		{5B033801-3140-4A33-BA0C-412FA432A318}.Debug|Any CPU.Build.0 = Debug|Any CPU
		{5B033801-3140-4A33-BA0C-412FA432A318}.Release|Any CPU.ActiveCfg = Release|Any CPU
		{5B033801-3140-4A33-BA0C-412FA432A318}.Release|Any CPU.Build.0 = Release|Any CPU
		{3CBA65AC-2AC0-432F-8D0A-404694FD1BF8}.Debug|Any CPU.ActiveCfg = Debug|Any CPU
		{3CBA65AC-2AC0-432F-8D0A-404694FD1BF8}.Debug|Any CPU.Build.0 = Debug|Any CPU
		{3CBA65AC-2AC0-432F-8D0A-404694FD1BF8}.Release|Any CPU.ActiveCfg = Release|Any CPU
		{3CBA65AC-2AC0-432F-8D0A-404694FD1BF8}.Release|Any CPU.Build.0 = Release|Any CPU
	EndGlobalSection
	GlobalSection(SolutionProperties) = preSolution
		HideSolutionNode = FALSE
	EndGlobalSection
EndGlobal
